// !$*UTF8*$!
{
	archiveVersion = 1;
	classes = {
	};
	objectVersion = 56;
	objects = {

/* Begin PBXBuildFile section */
		372F03E231465F74E9E647DD /* Pods_BadHabbit.framework in Frameworks */ = {isa = PBXBuildFile; fileRef = EF3B53352C012CD5791B3306 /* Pods_BadHabbit.framework */; };
		E58D1BAD2A1CFF2C00137CC6 /* AppDelegate.swift in Sources */ = {isa = PBXBuildFile; fileRef = E58D1BAC2A1CFF2C00137CC6 /* AppDelegate.swift */; };
		E58D1BAF2A1CFF2C00137CC6 /* SceneDelegate.swift in Sources */ = {isa = PBXBuildFile; fileRef = E58D1BAE2A1CFF2C00137CC6 /* SceneDelegate.swift */; };
		E58D1BB62A1CFF2E00137CC6 /* Assets.xcassets in Resources */ = {isa = PBXBuildFile; fileRef = E58D1BB52A1CFF2E00137CC6 /* Assets.xcassets */; };
		E58D1BB92A1CFF2E00137CC6 /* LaunchScreen.storyboard in Resources */ = {isa = PBXBuildFile; fileRef = E58D1BB72A1CFF2E00137CC6 /* LaunchScreen.storyboard */; };
		E58D1BCC2A1D02E100137CC6 /* StoryAssembly.swift in Sources */ = {isa = PBXBuildFile; fileRef = E58D1BCB2A1D02E100137CC6 /* StoryAssembly.swift */; };
		F61522032A70600F007939E9 /* Localizable.strings in Resources */ = {isa = PBXBuildFile; fileRef = F61522052A70600F007939E9 /* Localizable.strings */; };
		F615220D2A70FC91007939E9 /* CommonTypeAliases.swift in Sources */ = {isa = PBXBuildFile; fileRef = F615220C2A70FC91007939E9 /* CommonTypeAliases.swift */; };
		F615220F2A70FCBB007939E9 /* CanPresentView.swift in Sources */ = {isa = PBXBuildFile; fileRef = F615220E2A70FCBB007939E9 /* CanPresentView.swift */; };
		F64555992A61743A0070947C /* SignInAppleViewController.swift in Sources */ = {isa = PBXBuildFile; fileRef = F64555982A61743A0070947C /* SignInAppleViewController.swift */; };
		F645559D2A62D13E0070947C /* SFProDisplay-Bold.ttf in Resources */ = {isa = PBXBuildFile; fileRef = F645559C2A62D13E0070947C /* SFProDisplay-Bold.ttf */; };
		F64555C92A6D15100070947C /* TitleLabel.swift in Sources */ = {isa = PBXBuildFile; fileRef = F64555C82A6D15100070947C /* TitleLabel.swift */; };
		F64555CB2A6D1A890070947C /* Fonts.swift in Sources */ = {isa = PBXBuildFile; fileRef = F64555CA2A6D1A890070947C /* Fonts.swift */; };
		F64555CD2A6D1EA70070947C /* StartButton.swift in Sources */ = {isa = PBXBuildFile; fileRef = F64555CC2A6D1EA70070947C /* StartButton.swift */; };
		F64555CF2A6E6BA40070947C /* DesignKitAssembly.swift in Sources */ = {isa = PBXBuildFile; fileRef = F64555CE2A6E6BA40070947C /* DesignKitAssembly.swift */; };
		F64555D22A6E6C0B0070947C /* GlobalCoordinator.swift in Sources */ = {isa = PBXBuildFile; fileRef = F64555D12A6E6C0B0070947C /* GlobalCoordinator.swift */; };
		F64555DA2A6E6DCC0070947C /* BaseViewController.swift in Sources */ = {isa = PBXBuildFile; fileRef = F64555D92A6E6DCC0070947C /* BaseViewController.swift */; };
		F64555DC2A6E70190070947C /* AppAssembly.swift in Sources */ = {isa = PBXBuildFile; fileRef = F64555DB2A6E70190070947C /* AppAssembly.swift */; };
		F64555DE2A6E709F0070947C /* StoriesAssembly.swift in Sources */ = {isa = PBXBuildFile; fileRef = F64555DD2A6E709F0070947C /* StoriesAssembly.swift */; };
		F64555E32A6E77670070947C /* SignInDataRouter.swift in Sources */ = {isa = PBXBuildFile; fileRef = F64555E22A6E77670070947C /* SignInDataRouter.swift */; };
		F64555E52A6E77A70070947C /* SignInDataPresenter.swift in Sources */ = {isa = PBXBuildFile; fileRef = F64555E42A6E77A70070947C /* SignInDataPresenter.swift */; };
		F64555E72A6E780D0070947C /* SignInDataAssembly.swift in Sources */ = {isa = PBXBuildFile; fileRef = F64555E62A6E780D0070947C /* SignInDataAssembly.swift */; };
		F6E458972A711CB700A3C4E5 /* FillingPersonalDataView.swift in Sources */ = {isa = PBXBuildFile; fileRef = F6E458932A711CB600A3C4E5 /* FillingPersonalDataView.swift */; };
		F6E458982A711CB700A3C4E5 /* FillingPersonalDataAssembly.swift in Sources */ = {isa = PBXBuildFile; fileRef = F6E458942A711CB600A3C4E5 /* FillingPersonalDataAssembly.swift */; };
		F6E458992A711CB700A3C4E5 /* FillingPersonalDataRouter.swift in Sources */ = {isa = PBXBuildFile; fileRef = F6E458952A711CB600A3C4E5 /* FillingPersonalDataRouter.swift */; };
		F6E4589A2A711CB700A3C4E5 /* FillingPersonalDataPresenter.swift in Sources */ = {isa = PBXBuildFile; fileRef = F6E458962A711CB600A3C4E5 /* FillingPersonalDataPresenter.swift */; };
		F6E458A42A711CD700A3C4E5 /* AlertRouter.swift in Sources */ = {isa = PBXBuildFile; fileRef = F6E4589D2A711CD700A3C4E5 /* AlertRouter.swift */; };
		F6E458A52A711CD700A3C4E5 /* AlertController.swift in Sources */ = {isa = PBXBuildFile; fileRef = F6E4589E2A711CD700A3C4E5 /* AlertController.swift */; };
		F6E458A62A711CD700A3C4E5 /* AlertPresenter.swift in Sources */ = {isa = PBXBuildFile; fileRef = F6E4589F2A711CD700A3C4E5 /* AlertPresenter.swift */; };
		F6E458A72A711CD700A3C4E5 /* AlertAction.swift in Sources */ = {isa = PBXBuildFile; fileRef = F6E458A12A711CD700A3C4E5 /* AlertAction.swift */; };
		F6E458A82A711CD700A3C4E5 /* AlertConfiguration.swift in Sources */ = {isa = PBXBuildFile; fileRef = F6E458A22A711CD700A3C4E5 /* AlertConfiguration.swift */; };
		F6E458A92A711CD700A3C4E5 /* AlertAssembly.swift in Sources */ = {isa = PBXBuildFile; fileRef = F6E458A32A711CD700A3C4E5 /* AlertAssembly.swift */; };
/* End PBXBuildFile section */

/* Begin PBXFileReference section */
		77FC42E518800866EDC7473A /* Pods-BadHabbit.debug.xcconfig */ = {isa = PBXFileReference; includeInIndex = 1; lastKnownFileType = text.xcconfig; name = "Pods-BadHabbit.debug.xcconfig"; path = "Target Support Files/Pods-BadHabbit/Pods-BadHabbit.debug.xcconfig"; sourceTree = "<group>"; };
		82255F197739D3932E47D930 /* Pods-BadHabbit.release.xcconfig */ = {isa = PBXFileReference; includeInIndex = 1; lastKnownFileType = text.xcconfig; name = "Pods-BadHabbit.release.xcconfig"; path = "Target Support Files/Pods-BadHabbit/Pods-BadHabbit.release.xcconfig"; sourceTree = "<group>"; };
		E58D1BA92A1CFF2C00137CC6 /* BadHabbit.app */ = {isa = PBXFileReference; explicitFileType = wrapper.application; includeInIndex = 0; path = BadHabbit.app; sourceTree = BUILT_PRODUCTS_DIR; };
		E58D1BAC2A1CFF2C00137CC6 /* AppDelegate.swift */ = {isa = PBXFileReference; lastKnownFileType = sourcecode.swift; path = AppDelegate.swift; sourceTree = "<group>"; };
		E58D1BAE2A1CFF2C00137CC6 /* SceneDelegate.swift */ = {isa = PBXFileReference; lastKnownFileType = sourcecode.swift; path = SceneDelegate.swift; sourceTree = "<group>"; };
		E58D1BB52A1CFF2E00137CC6 /* Assets.xcassets */ = {isa = PBXFileReference; lastKnownFileType = folder.assetcatalog; path = Assets.xcassets; sourceTree = "<group>"; };
		E58D1BB82A1CFF2E00137CC6 /* Base */ = {isa = PBXFileReference; lastKnownFileType = file.storyboard; name = Base; path = Base.lproj/LaunchScreen.storyboard; sourceTree = "<group>"; };
		E58D1BBA2A1CFF2E00137CC6 /* Info.plist */ = {isa = PBXFileReference; lastKnownFileType = text.plist.xml; path = Info.plist; sourceTree = "<group>"; };
		E58D1BCB2A1D02E100137CC6 /* StoryAssembly.swift */ = {isa = PBXFileReference; lastKnownFileType = sourcecode.swift; path = StoryAssembly.swift; sourceTree = "<group>"; };
		EF3B53352C012CD5791B3306 /* Pods_BadHabbit.framework */ = {isa = PBXFileReference; explicitFileType = wrapper.framework; includeInIndex = 0; path = Pods_BadHabbit.framework; sourceTree = BUILT_PRODUCTS_DIR; };
		F61522062A7060D2007939E9 /* ru */ = {isa = PBXFileReference; lastKnownFileType = text.plist.strings; name = ru; path = ru.lproj/LaunchScreen.strings; sourceTree = "<group>"; };
		F61522072A7060D2007939E9 /* ru */ = {isa = PBXFileReference; lastKnownFileType = text.plist.strings; name = ru; path = ru.lproj/Localizable.strings; sourceTree = "<group>"; };
		F615220C2A70FC91007939E9 /* CommonTypeAliases.swift */ = {isa = PBXFileReference; lastKnownFileType = sourcecode.swift; path = CommonTypeAliases.swift; sourceTree = "<group>"; };
		F615220E2A70FCBB007939E9 /* CanPresentView.swift */ = {isa = PBXFileReference; lastKnownFileType = sourcecode.swift; path = CanPresentView.swift; sourceTree = "<group>"; };
		F64555982A61743A0070947C /* SignInAppleViewController.swift */ = {isa = PBXFileReference; lastKnownFileType = sourcecode.swift; path = SignInAppleViewController.swift; sourceTree = "<group>"; };
		F645559A2A62B93C0070947C /* BadHabbitDebug.entitlements */ = {isa = PBXFileReference; lastKnownFileType = text.plist.entitlements; path = BadHabbitDebug.entitlements; sourceTree = "<group>"; };
		F645559C2A62D13E0070947C /* SFProDisplay-Bold.ttf */ = {isa = PBXFileReference; lastKnownFileType = file; path = "SFProDisplay-Bold.ttf"; sourceTree = "<group>"; };
		F64555C82A6D15100070947C /* TitleLabel.swift */ = {isa = PBXFileReference; lastKnownFileType = sourcecode.swift; path = TitleLabel.swift; sourceTree = "<group>"; };
		F64555CA2A6D1A890070947C /* Fonts.swift */ = {isa = PBXFileReference; lastKnownFileType = sourcecode.swift; path = Fonts.swift; sourceTree = "<group>"; };
		F64555CC2A6D1EA70070947C /* StartButton.swift */ = {isa = PBXFileReference; lastKnownFileType = sourcecode.swift; path = StartButton.swift; sourceTree = "<group>"; };
		F64555CE2A6E6BA40070947C /* DesignKitAssembly.swift */ = {isa = PBXFileReference; lastKnownFileType = sourcecode.swift; name = DesignKitAssembly.swift; path = BadHabbit/DesignKitAssembly.swift; sourceTree = SOURCE_ROOT; };
		F64555D12A6E6C0B0070947C /* GlobalCoordinator.swift */ = {isa = PBXFileReference; lastKnownFileType = sourcecode.swift; name = GlobalCoordinator.swift; path = BadHabbit/GlobalCoordinator.swift; sourceTree = SOURCE_ROOT; };
		F64555D92A6E6DCC0070947C /* BaseViewController.swift */ = {isa = PBXFileReference; lastKnownFileType = sourcecode.swift; path = BaseViewController.swift; sourceTree = "<group>"; };
		F64555DB2A6E70190070947C /* AppAssembly.swift */ = {isa = PBXFileReference; lastKnownFileType = sourcecode.swift; path = AppAssembly.swift; sourceTree = "<group>"; };
		F64555DD2A6E709F0070947C /* StoriesAssembly.swift */ = {isa = PBXFileReference; lastKnownFileType = sourcecode.swift; path = StoriesAssembly.swift; sourceTree = "<group>"; };
		F64555E22A6E77670070947C /* SignInDataRouter.swift */ = {isa = PBXFileReference; lastKnownFileType = sourcecode.swift; path = SignInDataRouter.swift; sourceTree = "<group>"; };
		F64555E42A6E77A70070947C /* SignInDataPresenter.swift */ = {isa = PBXFileReference; lastKnownFileType = sourcecode.swift; path = SignInDataPresenter.swift; sourceTree = "<group>"; };
		F64555E62A6E780D0070947C /* SignInDataAssembly.swift */ = {isa = PBXFileReference; lastKnownFileType = sourcecode.swift; path = SignInDataAssembly.swift; sourceTree = "<group>"; };
		F6D9511D2A6EC556001E342C /* BadHabbit.entitlements */ = {isa = PBXFileReference; lastKnownFileType = text.plist.entitlements; path = BadHabbit.entitlements; sourceTree = "<group>"; };
		F6E458932A711CB600A3C4E5 /* FillingPersonalDataView.swift */ = {isa = PBXFileReference; fileEncoding = 4; lastKnownFileType = sourcecode.swift; path = FillingPersonalDataView.swift; sourceTree = "<group>"; };
		F6E458942A711CB600A3C4E5 /* FillingPersonalDataAssembly.swift */ = {isa = PBXFileReference; fileEncoding = 4; lastKnownFileType = sourcecode.swift; path = FillingPersonalDataAssembly.swift; sourceTree = "<group>"; };
		F6E458952A711CB600A3C4E5 /* FillingPersonalDataRouter.swift */ = {isa = PBXFileReference; fileEncoding = 4; lastKnownFileType = sourcecode.swift; path = FillingPersonalDataRouter.swift; sourceTree = "<group>"; };
		F6E458962A711CB600A3C4E5 /* FillingPersonalDataPresenter.swift */ = {isa = PBXFileReference; fileEncoding = 4; lastKnownFileType = sourcecode.swift; path = FillingPersonalDataPresenter.swift; sourceTree = "<group>"; };
		F6E4589D2A711CD700A3C4E5 /* AlertRouter.swift */ = {isa = PBXFileReference; fileEncoding = 4; lastKnownFileType = sourcecode.swift; path = AlertRouter.swift; sourceTree = "<group>"; };
		F6E4589E2A711CD700A3C4E5 /* AlertController.swift */ = {isa = PBXFileReference; fileEncoding = 4; lastKnownFileType = sourcecode.swift; path = AlertController.swift; sourceTree = "<group>"; };
		F6E4589F2A711CD700A3C4E5 /* AlertPresenter.swift */ = {isa = PBXFileReference; fileEncoding = 4; lastKnownFileType = sourcecode.swift; path = AlertPresenter.swift; sourceTree = "<group>"; };
		F6E458A12A711CD700A3C4E5 /* AlertAction.swift */ = {isa = PBXFileReference; fileEncoding = 4; lastKnownFileType = sourcecode.swift; path = AlertAction.swift; sourceTree = "<group>"; };
		F6E458A22A711CD700A3C4E5 /* AlertConfiguration.swift */ = {isa = PBXFileReference; fileEncoding = 4; lastKnownFileType = sourcecode.swift; path = AlertConfiguration.swift; sourceTree = "<group>"; };
		F6E458A32A711CD700A3C4E5 /* AlertAssembly.swift */ = {isa = PBXFileReference; fileEncoding = 4; lastKnownFileType = sourcecode.swift; path = AlertAssembly.swift; sourceTree = "<group>"; };
/* End PBXFileReference section */

/* Begin PBXFrameworksBuildPhase section */
		E58D1BA62A1CFF2C00137CC6 /* Frameworks */ = {
			isa = PBXFrameworksBuildPhase;
			buildActionMask = 2147483647;
			files = (
				372F03E231465F74E9E647DD /* Pods_BadHabbit.framework in Frameworks */,
			);
			runOnlyForDeploymentPostprocessing = 0;
		};
/* End PBXFrameworksBuildPhase section */

/* Begin PBXGroup section */
		7F8062058E6710BFF5E557EE /* Pods */ = {
			isa = PBXGroup;
			children = (
				77FC42E518800866EDC7473A /* Pods-BadHabbit.debug.xcconfig */,
				82255F197739D3932E47D930 /* Pods-BadHabbit.release.xcconfig */,
			);
			path = Pods;
			sourceTree = "<group>";
		};
		E58D1BA02A1CFF2C00137CC6 = {
			isa = PBXGroup;
			children = (
				E58D1BAB2A1CFF2C00137CC6 /* BadHabbit */,
				F64555D32A6E6C600070947C /* Utils */,
				E58D1BAA2A1CFF2C00137CC6 /* Products */,
				7F8062058E6710BFF5E557EE /* Pods */,
				FBB8119D4F423E33D72AFCB8 /* Frameworks */,
			);
			sourceTree = "<group>";
		};
		E58D1BAA2A1CFF2C00137CC6 /* Products */ = {
			isa = PBXGroup;
			children = (
				E58D1BA92A1CFF2C00137CC6 /* BadHabbit.app */,
			);
			name = Products;
			sourceTree = "<group>";
		};
		E58D1BAB2A1CFF2C00137CC6 /* BadHabbit */ = {
			isa = PBXGroup;
			children = (
				F6D9511D2A6EC556001E342C /* BadHabbit.entitlements */,
				F645559A2A62B93C0070947C /* BadHabbitDebug.entitlements */,
				E58D1BAC2A1CFF2C00137CC6 /* AppDelegate.swift */,
				F64555DB2A6E70190070947C /* AppAssembly.swift */,
				E58D1BAE2A1CFF2C00137CC6 /* SceneDelegate.swift */,
				E58D1BCA2A1D02D100137CC6 /* DI */,
				E58D1BC52A1D01AB00137CC6 /* UserStories */,
				E58D1BC62A1D01C700137CC6 /* Kit */,
				E58D1BC42A1D00D100137CC6 /* SupportFiles */,
			);
			path = BadHabbit;
			sourceTree = "<group>";
		};
		E58D1BC02A1D000000137CC6 /* DesignKit */ = {
			isa = PBXGroup;
			children = (
				F6E4589B2A711CD700A3C4E5 /* Alerts */,
				F64555D82A6E6D980070947C /* BaseViewController */,
				F64555CE2A6E6BA40070947C /* DesignKitAssembly.swift */,
				F64555D02A6E6BD70070947C /* GlobalCoordinator */,
			);
			path = DesignKit;
			sourceTree = "<group>";
		};
		E58D1BC42A1D00D100137CC6 /* SupportFiles */ = {
			isa = PBXGroup;
			children = (
				F64555C72A6D14640070947C /* Design Constants */,
				F645559B2A62D0F20070947C /* Fonts */,
				E58D1BBA2A1CFF2E00137CC6 /* Info.plist */,
				E58D1BB52A1CFF2E00137CC6 /* Assets.xcassets */,
				E58D1BB72A1CFF2E00137CC6 /* LaunchScreen.storyboard */,
				F61522052A70600F007939E9 /* Localizable.strings */,
			);
			path = SupportFiles;
			sourceTree = "<group>";
		};
		E58D1BC52A1D01AB00137CC6 /* UserStories */ = {
			isa = PBXGroup;
			children = (
				F6E458922A711CB600A3C4E5 /* FillingPersonalData */,
				F64555972A6173F40070947C /* SingnInAppleScreen */,
				E58D1BED2A1D124C00137CC6 /* DI */,
			);
			path = UserStories;
			sourceTree = "<group>";
		};
		E58D1BC62A1D01C700137CC6 /* Kit */ = {
			isa = PBXGroup;
			children = (
				E58D1BC02A1D000000137CC6 /* DesignKit */,
			);
			path = Kit;
			sourceTree = "<group>";
		};
		E58D1BCA2A1D02D100137CC6 /* DI */ = {
			isa = PBXGroup;
			children = (
				F64555DD2A6E709F0070947C /* StoriesAssembly.swift */,
				E58D1BCB2A1D02E100137CC6 /* StoryAssembly.swift */,
			);
			path = DI;
			sourceTree = "<group>";
		};
		E58D1BED2A1D124C00137CC6 /* DI */ = {
			isa = PBXGroup;
			children = (
			);
			path = DI;
			sourceTree = "<group>";
		};
		F64555972A6173F40070947C /* SingnInAppleScreen */ = {
			isa = PBXGroup;
			children = (
				F64555E62A6E780D0070947C /* SignInDataAssembly.swift */,
				F64555E42A6E77A70070947C /* SignInDataPresenter.swift */,
				F64555E22A6E77670070947C /* SignInDataRouter.swift */,
				F64555982A61743A0070947C /* SignInAppleViewController.swift */,
			);
			path = SingnInAppleScreen;
			sourceTree = "<group>";
		};
		F645559B2A62D0F20070947C /* Fonts */ = {
			isa = PBXGroup;
			children = (
				F645559C2A62D13E0070947C /* SFProDisplay-Bold.ttf */,
				F64555CA2A6D1A890070947C /* Fonts.swift */,
			);
			path = Fonts;
			sourceTree = "<group>";
		};
		F64555C72A6D14640070947C /* Design Constants */ = {
			isa = PBXGroup;
			children = (
				F64555C82A6D15100070947C /* TitleLabel.swift */,
				F64555CC2A6D1EA70070947C /* StartButton.swift */,
			);
			path = "Design Constants";
			sourceTree = "<group>";
		};
		F64555D02A6E6BD70070947C /* GlobalCoordinator */ = {
			isa = PBXGroup;
			children = (
				F64555D12A6E6C0B0070947C /* GlobalCoordinator.swift */,
			);
			name = GlobalCoordinator;
			path = BadHabbit/Kit/DesignKit/GlobalCoordinator;
			sourceTree = "<group>";
		};
		F64555D32A6E6C600070947C /* Utils */ = {
			isa = PBXGroup;
			children = (
				F615220C2A70FC91007939E9 /* CommonTypeAliases.swift */,
				F615220E2A70FCBB007939E9 /* CanPresentView.swift */,
			);
			path = Utils;
			sourceTree = "<group>";
		};
		F64555D82A6E6D980070947C /* BaseViewController */ = {
			isa = PBXGroup;
			children = (
				F64555D92A6E6DCC0070947C /* BaseViewController.swift */,
			);
			path = BaseViewController;
			sourceTree = "<group>";
		};
		F6E458922A711CB600A3C4E5 /* FillingPersonalData */ = {
			isa = PBXGroup;
			children = (
				F6E458932A711CB600A3C4E5 /* FillingPersonalDataView.swift */,
				F6E458942A711CB600A3C4E5 /* FillingPersonalDataAssembly.swift */,
				F6E458952A711CB600A3C4E5 /* FillingPersonalDataRouter.swift */,
				F6E458962A711CB600A3C4E5 /* FillingPersonalDataPresenter.swift */,
			);
			path = FillingPersonalData;
			sourceTree = "<group>";
		};
		F6E4589B2A711CD700A3C4E5 /* Alerts */ = {
			isa = PBXGroup;
			children = (
				F6E4589C2A711CD700A3C4E5 /* Alert */,
				F6E458A02A711CD700A3C4E5 /* Models */,
				F6E458A32A711CD700A3C4E5 /* AlertAssembly.swift */,
			);
			path = Alerts;
			sourceTree = "<group>";
		};
		F6E4589C2A711CD700A3C4E5 /* Alert */ = {
			isa = PBXGroup;
			children = (
				F6E4589D2A711CD700A3C4E5 /* AlertRouter.swift */,
				F6E4589E2A711CD700A3C4E5 /* AlertController.swift */,
				F6E4589F2A711CD700A3C4E5 /* AlertPresenter.swift */,
			);
			path = Alert;
			sourceTree = "<group>";
		};
		F6E458A02A711CD700A3C4E5 /* Models */ = {
			isa = PBXGroup;
			children = (
				F6E458A12A711CD700A3C4E5 /* AlertAction.swift */,
				F6E458A22A711CD700A3C4E5 /* AlertConfiguration.swift */,
			);
			path = Models;
			sourceTree = "<group>";
		};
		FBB8119D4F423E33D72AFCB8 /* Frameworks */ = {
			isa = PBXGroup;
			children = (
				EF3B53352C012CD5791B3306 /* Pods_BadHabbit.framework */,
			);
			name = Frameworks;
			sourceTree = "<group>";
		};
/* End PBXGroup section */

/* Begin PBXNativeTarget section */
		E58D1BA82A1CFF2C00137CC6 /* BadHabbit */ = {
			isa = PBXNativeTarget;
			buildConfigurationList = E58D1BBD2A1CFF2E00137CC6 /* Build configuration list for PBXNativeTarget "BadHabbit" */;
			buildPhases = (
				5143C3AABB4F39A1B4930A27 /* [CP] Check Pods Manifest.lock */,
				E58D1BA52A1CFF2C00137CC6 /* Sources */,
				E58D1BA62A1CFF2C00137CC6 /* Frameworks */,
				E58D1BA72A1CFF2C00137CC6 /* Resources */,
				F637B9BB2A31DEDE000DE6D3 /* ShellScript */,
				61BB022F2A3B5C3400D0DCD5 /* SwiftGen Run Script */,
				11780267A11A1B1AD9D32238 /* [CP] Embed Pods Frameworks */,
			);
			buildRules = (
			);
			dependencies = (
			);
			name = BadHabbit;
			productName = BadHabbit;
			productReference = E58D1BA92A1CFF2C00137CC6 /* BadHabbit.app */;
			productType = "com.apple.product-type.application";
		};
/* End PBXNativeTarget section */

/* Begin PBXProject section */
		E58D1BA12A1CFF2C00137CC6 /* Project object */ = {
			isa = PBXProject;
			attributes = {
				BuildIndependentTargetsInParallel = 1;
				LastSwiftUpdateCheck = 1420;
				LastUpgradeCheck = 1420;
				TargetAttributes = {
					E58D1BA82A1CFF2C00137CC6 = {
						CreatedOnToolsVersion = 14.2;
					};
				};
			};
			buildConfigurationList = E58D1BA42A1CFF2C00137CC6 /* Build configuration list for PBXProject "BadHabbit" */;
			compatibilityVersion = "Xcode 14.0";
			developmentRegion = en;
			hasScannedForEncodings = 0;
			knownRegions = (
				en,
				Base,
				ru,
			);
			mainGroup = E58D1BA02A1CFF2C00137CC6;
			productRefGroup = E58D1BAA2A1CFF2C00137CC6 /* Products */;
			projectDirPath = "";
			projectRoot = "";
			targets = (
				E58D1BA82A1CFF2C00137CC6 /* BadHabbit */,
			);
		};
/* End PBXProject section */

/* Begin PBXResourcesBuildPhase section */
		E58D1BA72A1CFF2C00137CC6 /* Resources */ = {
			isa = PBXResourcesBuildPhase;
			buildActionMask = 2147483647;
			files = (
				F645559D2A62D13E0070947C /* SFProDisplay-Bold.ttf in Resources */,
				F61522032A70600F007939E9 /* Localizable.strings in Resources */,
				E58D1BB92A1CFF2E00137CC6 /* LaunchScreen.storyboard in Resources */,
				E58D1BB62A1CFF2E00137CC6 /* Assets.xcassets in Resources */,
			);
			runOnlyForDeploymentPostprocessing = 0;
		};
/* End PBXResourcesBuildPhase section */

/* Begin PBXShellScriptBuildPhase section */
		11780267A11A1B1AD9D32238 /* [CP] Embed Pods Frameworks */ = {
			isa = PBXShellScriptBuildPhase;
			buildActionMask = 2147483647;
			files = (
			);
			inputFileListPaths = (
				"${PODS_ROOT}/Target Support Files/Pods-BadHabbit/Pods-BadHabbit-frameworks-${CONFIGURATION}-input-files.xcfilelist",
			);
			name = "[CP] Embed Pods Frameworks";
			outputFileListPaths = (
				"${PODS_ROOT}/Target Support Files/Pods-BadHabbit/Pods-BadHabbit-frameworks-${CONFIGURATION}-output-files.xcfilelist",
			);
			runOnlyForDeploymentPostprocessing = 0;
			shellPath = /bin/sh;
			shellScript = "\"${PODS_ROOT}/Target Support Files/Pods-BadHabbit/Pods-BadHabbit-frameworks.sh\"\n";
			showEnvVarsInLog = 0;
		};
		5143C3AABB4F39A1B4930A27 /* [CP] Check Pods Manifest.lock */ = {
			isa = PBXShellScriptBuildPhase;
			buildActionMask = 2147483647;
			files = (
			);
			inputFileListPaths = (
			);
			inputPaths = (
				"${PODS_PODFILE_DIR_PATH}/Podfile.lock",
				"${PODS_ROOT}/Manifest.lock",
			);
			name = "[CP] Check Pods Manifest.lock";
			outputFileListPaths = (
			);
			outputPaths = (
				"$(DERIVED_FILE_DIR)/Pods-BadHabbit-checkManifestLockResult.txt",
			);
			runOnlyForDeploymentPostprocessing = 0;
			shellPath = /bin/sh;
			shellScript = "diff \"${PODS_PODFILE_DIR_PATH}/Podfile.lock\" \"${PODS_ROOT}/Manifest.lock\" > /dev/null\nif [ $? != 0 ] ; then\n    # print error to STDERR\n    echo \"error: The sandbox is not in sync with the Podfile.lock. Run 'pod install' or update your CocoaPods installation.\" >&2\n    exit 1\nfi\n# This output is used by Xcode 'outputs' to avoid re-running this script phase.\necho \"SUCCESS\" > \"${SCRIPT_OUTPUT_FILE_0}\"\n";
			showEnvVarsInLog = 0;
		};
		61BB022F2A3B5C3400D0DCD5 /* SwiftGen Run Script */ = {
			isa = PBXShellScriptBuildPhase;
			alwaysOutOfDate = 1;
			buildActionMask = 2147483647;
			files = (
			);
			inputFileListPaths = (
			);
			inputPaths = (
			);
			name = "SwiftGen Run Script";
			outputFileListPaths = (
			);
			outputPaths = (
			);
			runOnlyForDeploymentPostprocessing = 0;
			shellPath = /bin/sh;
			shellScript = "if [[ -f ${PODS_ROOT}/SwiftGen/bin/swiftgen ]]; then\n  ${PODS_ROOT}/SwiftGen/bin/swiftgen\nelse\n  echo \"warning: SwiftGen is not installed. Run 'pod install --repo-update' to install it.\"\nfi\n";
		};
		F637B9BB2A31DEDE000DE6D3 /* ShellScript */ = {
			isa = PBXShellScriptBuildPhase;
			alwaysOutOfDate = 1;
			buildActionMask = 2147483647;
			files = (
			);
			inputFileListPaths = (
			);
			inputPaths = (
			);
			outputFileListPaths = (
			);
			outputPaths = (
			);
			runOnlyForDeploymentPostprocessing = 0;
			shellPath = /bin/sh;
			shellScript = "if [[ \"$(uname -m)\" == arm64 ]]; then\n    export PATH=\"/opt/homebrew/bin:$PATH\"\nfi\n\nif which swiftlint > /dev/null; then\n  swiftlint\nelse\n  echo \"warning: SwiftLint not installed, download from https://github.com/realm/SwiftLint\"\nfi\n";
		};
/* End PBXShellScriptBuildPhase section */

/* Begin PBXSourcesBuildPhase section */
		E58D1BA52A1CFF2C00137CC6 /* Sources */ = {
			isa = PBXSourcesBuildPhase;
			buildActionMask = 2147483647;
			files = (
				E58D1BCC2A1D02E100137CC6 /* StoryAssembly.swift in Sources */,
				F64555E72A6E780D0070947C /* SignInDataAssembly.swift in Sources */,
				F64555D22A6E6C0B0070947C /* GlobalCoordinator.swift in Sources */,
				F64555CD2A6D1EA70070947C /* StartButton.swift in Sources */,
				F6E458992A711CB700A3C4E5 /* FillingPersonalDataRouter.swift in Sources */,
				E58D1BAD2A1CFF2C00137CC6 /* AppDelegate.swift in Sources */,
				F64555DC2A6E70190070947C /* AppAssembly.swift in Sources */,
				F64555DE2A6E709F0070947C /* StoriesAssembly.swift in Sources */,
				F6E458A62A711CD700A3C4E5 /* AlertPresenter.swift in Sources */,
				F64555DA2A6E6DCC0070947C /* BaseViewController.swift in Sources */,
				F64555992A61743A0070947C /* SignInAppleViewController.swift in Sources */,
				F64555C92A6D15100070947C /* TitleLabel.swift in Sources */,
				F64555CF2A6E6BA40070947C /* DesignKitAssembly.swift in Sources */,
				F6E458A42A711CD700A3C4E5 /* AlertRouter.swift in Sources */,
				F6E458A92A711CD700A3C4E5 /* AlertAssembly.swift in Sources */,
				F64555E32A6E77670070947C /* SignInDataRouter.swift in Sources */,
				F6E458972A711CB700A3C4E5 /* FillingPersonalDataView.swift in Sources */,
				F6E458A82A711CD700A3C4E5 /* AlertConfiguration.swift in Sources */,
				F6E458A72A711CD700A3C4E5 /* AlertAction.swift in Sources */,
				F615220D2A70FC91007939E9 /* CommonTypeAliases.swift in Sources */,
				E58D1BAF2A1CFF2C00137CC6 /* SceneDelegate.swift in Sources */,
				F615220F2A70FCBB007939E9 /* CanPresentView.swift in Sources */,
				F64555E52A6E77A70070947C /* SignInDataPresenter.swift in Sources */,
				F6E458982A711CB700A3C4E5 /* FillingPersonalDataAssembly.swift in Sources */,
				F6E458A52A711CD700A3C4E5 /* AlertController.swift in Sources */,
				F64555CB2A6D1A890070947C /* Fonts.swift in Sources */,
				F6E4589A2A711CB700A3C4E5 /* FillingPersonalDataPresenter.swift in Sources */,
			);
			runOnlyForDeploymentPostprocessing = 0;
		};
/* End PBXSourcesBuildPhase section */

/* Begin PBXVariantGroup section */
		E58D1BB72A1CFF2E00137CC6 /* LaunchScreen.storyboard */ = {
			isa = PBXVariantGroup;
			children = (
				E58D1BB82A1CFF2E00137CC6 /* Base */,
				F61522062A7060D2007939E9 /* ru */,
			);
			name = LaunchScreen.storyboard;
			sourceTree = "<group>";
		};
		F61522052A70600F007939E9 /* Localizable.strings */ = {
			isa = PBXVariantGroup;
			children = (
				F61522072A7060D2007939E9 /* ru */,
			);
			name = Localizable.strings;
			sourceTree = "<group>";
		};
/* End PBXVariantGroup section */

/* Begin XCBuildConfiguration section */
		E58D1BBB2A1CFF2E00137CC6 /* Debug */ = {
			isa = XCBuildConfiguration;
			buildSettings = {
				ALWAYS_SEARCH_USER_PATHS = NO;
				CLANG_ANALYZER_NONNULL = YES;
				CLANG_ANALYZER_NUMBER_OBJECT_CONVERSION = YES_AGGRESSIVE;
				CLANG_CXX_LANGUAGE_STANDARD = "gnu++20";
				CLANG_ENABLE_MODULES = YES;
				CLANG_ENABLE_OBJC_ARC = YES;
				CLANG_ENABLE_OBJC_WEAK = YES;
				CLANG_WARN_BLOCK_CAPTURE_AUTORELEASING = YES;
				CLANG_WARN_BOOL_CONVERSION = YES;
				CLANG_WARN_COMMA = YES;
				CLANG_WARN_CONSTANT_CONVERSION = YES;
				CLANG_WARN_DEPRECATED_OBJC_IMPLEMENTATIONS = YES;
				CLANG_WARN_DIRECT_OBJC_ISA_USAGE = YES_ERROR;
				CLANG_WARN_DOCUMENTATION_COMMENTS = YES;
				CLANG_WARN_EMPTY_BODY = YES;
				CLANG_WARN_ENUM_CONVERSION = YES;
				CLANG_WARN_INFINITE_RECURSION = YES;
				CLANG_WARN_INT_CONVERSION = YES;
				CLANG_WARN_NON_LITERAL_NULL_CONVERSION = YES;
				CLANG_WARN_OBJC_IMPLICIT_RETAIN_SELF = YES;
				CLANG_WARN_OBJC_LITERAL_CONVERSION = YES;
				CLANG_WARN_OBJC_ROOT_CLASS = YES_ERROR;
				CLANG_WARN_QUOTED_INCLUDE_IN_FRAMEWORK_HEADER = YES;
				CLANG_WARN_RANGE_LOOP_ANALYSIS = YES;
				CLANG_WARN_STRICT_PROTOTYPES = YES;
				CLANG_WARN_SUSPICIOUS_MOVE = YES;
				CLANG_WARN_UNGUARDED_AVAILABILITY = YES_AGGRESSIVE;
				CLANG_WARN_UNREACHABLE_CODE = YES;
				CLANG_WARN__DUPLICATE_METHOD_MATCH = YES;
				COPY_PHASE_STRIP = NO;
				DEBUG_INFORMATION_FORMAT = dwarf;
				ENABLE_STRICT_OBJC_MSGSEND = YES;
				ENABLE_TESTABILITY = YES;
				GCC_C_LANGUAGE_STANDARD = gnu11;
				GCC_DYNAMIC_NO_PIC = NO;
				GCC_NO_COMMON_BLOCKS = YES;
				GCC_OPTIMIZATION_LEVEL = 0;
				GCC_PREPROCESSOR_DEFINITIONS = (
					"DEBUG=1",
					"$(inherited)",
				);
				GCC_WARN_64_TO_32_BIT_CONVERSION = YES;
				GCC_WARN_ABOUT_RETURN_TYPE = YES_ERROR;
				GCC_WARN_UNDECLARED_SELECTOR = YES;
				GCC_WARN_UNINITIALIZED_AUTOS = YES_AGGRESSIVE;
				GCC_WARN_UNUSED_FUNCTION = YES;
				GCC_WARN_UNUSED_VARIABLE = YES;
				IPHONEOS_DEPLOYMENT_TARGET = 16.0;
				MTL_ENABLE_DEBUG_INFO = INCLUDE_SOURCE;
				MTL_FAST_MATH = YES;
				ONLY_ACTIVE_ARCH = YES;
				SDKROOT = iphoneos;
				SWIFT_ACTIVE_COMPILATION_CONDITIONS = DEBUG;
				SWIFT_OPTIMIZATION_LEVEL = "-Onone";
			};
			name = Debug;
		};
		E58D1BBC2A1CFF2E00137CC6 /* Release */ = {
			isa = XCBuildConfiguration;
			buildSettings = {
				ALWAYS_SEARCH_USER_PATHS = NO;
				CLANG_ANALYZER_NONNULL = YES;
				CLANG_ANALYZER_NUMBER_OBJECT_CONVERSION = YES_AGGRESSIVE;
				CLANG_CXX_LANGUAGE_STANDARD = "gnu++20";
				CLANG_ENABLE_MODULES = YES;
				CLANG_ENABLE_OBJC_ARC = YES;
				CLANG_ENABLE_OBJC_WEAK = YES;
				CLANG_WARN_BLOCK_CAPTURE_AUTORELEASING = YES;
				CLANG_WARN_BOOL_CONVERSION = YES;
				CLANG_WARN_COMMA = YES;
				CLANG_WARN_CONSTANT_CONVERSION = YES;
				CLANG_WARN_DEPRECATED_OBJC_IMPLEMENTATIONS = YES;
				CLANG_WARN_DIRECT_OBJC_ISA_USAGE = YES_ERROR;
				CLANG_WARN_DOCUMENTATION_COMMENTS = YES;
				CLANG_WARN_EMPTY_BODY = YES;
				CLANG_WARN_ENUM_CONVERSION = YES;
				CLANG_WARN_INFINITE_RECURSION = YES;
				CLANG_WARN_INT_CONVERSION = YES;
				CLANG_WARN_NON_LITERAL_NULL_CONVERSION = YES;
				CLANG_WARN_OBJC_IMPLICIT_RETAIN_SELF = YES;
				CLANG_WARN_OBJC_LITERAL_CONVERSION = YES;
				CLANG_WARN_OBJC_ROOT_CLASS = YES_ERROR;
				CLANG_WARN_QUOTED_INCLUDE_IN_FRAMEWORK_HEADER = YES;
				CLANG_WARN_RANGE_LOOP_ANALYSIS = YES;
				CLANG_WARN_STRICT_PROTOTYPES = YES;
				CLANG_WARN_SUSPICIOUS_MOVE = YES;
				CLANG_WARN_UNGUARDED_AVAILABILITY = YES_AGGRESSIVE;
				CLANG_WARN_UNREACHABLE_CODE = YES;
				CLANG_WARN__DUPLICATE_METHOD_MATCH = YES;
				COPY_PHASE_STRIP = NO;
				DEBUG_INFORMATION_FORMAT = "dwarf-with-dsym";
				ENABLE_NS_ASSERTIONS = NO;
				ENABLE_STRICT_OBJC_MSGSEND = YES;
				GCC_C_LANGUAGE_STANDARD = gnu11;
				GCC_NO_COMMON_BLOCKS = YES;
				GCC_WARN_64_TO_32_BIT_CONVERSION = YES;
				GCC_WARN_ABOUT_RETURN_TYPE = YES_ERROR;
				GCC_WARN_UNDECLARED_SELECTOR = YES;
				GCC_WARN_UNINITIALIZED_AUTOS = YES_AGGRESSIVE;
				GCC_WARN_UNUSED_FUNCTION = YES;
				GCC_WARN_UNUSED_VARIABLE = YES;
				IPHONEOS_DEPLOYMENT_TARGET = 16.0;
				MTL_ENABLE_DEBUG_INFO = NO;
				MTL_FAST_MATH = YES;
				SDKROOT = iphoneos;
				SWIFT_COMPILATION_MODE = wholemodule;
				SWIFT_OPTIMIZATION_LEVEL = "-O";
				VALIDATE_PRODUCT = YES;
			};
			name = Release;
		};
		E58D1BBE2A1CFF2E00137CC6 /* Debug */ = {
			isa = XCBuildConfiguration;
			baseConfigurationReference = 77FC42E518800866EDC7473A /* Pods-BadHabbit.debug.xcconfig */;
			buildSettings = {
				ASSETCATALOG_COMPILER_APPICON_NAME = AppIcon;
				ASSETCATALOG_COMPILER_GLOBAL_ACCENT_COLOR_NAME = AccentColor;
				CODE_SIGN_ENTITLEMENTS = BadHabbit/BadHabbitDebug.entitlements;
				CODE_SIGN_IDENTITY = "Apple Development";
				CODE_SIGN_STYLE = Automatic;
				CURRENT_PROJECT_VERSION = 1;
				DEVELOPMENT_TEAM = 8WG6LW4XNB;
				GENERATE_INFOPLIST_FILE = YES;
				INFOPLIST_FILE = BadHabbit/SupportFiles/Info.plist;
				INFOPLIST_KEY_LSApplicationCategoryType = "public.app-category.healthcare-fitness";
				INFOPLIST_KEY_UIApplicationSupportsIndirectInputEvents = YES;
				INFOPLIST_KEY_UILaunchStoryboardName = LaunchScreen;
				INFOPLIST_KEY_UISupportedInterfaceOrientations_iPad = "UIInterfaceOrientationPortrait UIInterfaceOrientationPortraitUpsideDown UIInterfaceOrientationLandscapeLeft UIInterfaceOrientationLandscapeRight";
				INFOPLIST_KEY_UISupportedInterfaceOrientations_iPhone = "UIInterfaceOrientationPortrait UIInterfaceOrientationLandscapeLeft UIInterfaceOrientationLandscapeRight";
				IPHONEOS_DEPLOYMENT_TARGET = 16.0;
				LD_RUNPATH_SEARCH_PATHS = (
					"$(inherited)",
					"@executable_path/Frameworks",
				);
				MARKETING_VERSION = 1.0;
				PRODUCT_BUNDLE_IDENTIFIER = "com.the-lessoner.BadHabbit";
				PRODUCT_NAME = "$(TARGET_NAME)";
				SWIFT_EMIT_LOC_STRINGS = YES;
				SWIFT_VERSION = 5.0;
				TARGETED_DEVICE_FAMILY = "1,2";
				VERSIONING_SYSTEM = "apple-generic";
			};
			name = Debug;
		};
		E58D1BBF2A1CFF2E00137CC6 /* Release */ = {
			isa = XCBuildConfiguration;
			baseConfigurationReference = 82255F197739D3932E47D930 /* Pods-BadHabbit.release.xcconfig */;
			buildSettings = {
				ASSETCATALOG_COMPILER_APPICON_NAME = AppIcon;
				ASSETCATALOG_COMPILER_GLOBAL_ACCENT_COLOR_NAME = AccentColor;
				CODE_SIGN_ENTITLEMENTS = BadHabbit/BadHabbit.entitlements;
				CODE_SIGN_IDENTITY = "Apple Development";
				CODE_SIGN_STYLE = Automatic;
				CURRENT_PROJECT_VERSION = 1;
				DEVELOPMENT_TEAM = 8WG6LW4XNB;
				GENERATE_INFOPLIST_FILE = YES;
				INFOPLIST_FILE = BadHabbit/SupportFiles/Info.plist;
				INFOPLIST_KEY_LSApplicationCategoryType = "public.app-category.healthcare-fitness";
				INFOPLIST_KEY_UIApplicationSupportsIndirectInputEvents = YES;
				INFOPLIST_KEY_UILaunchStoryboardName = LaunchScreen;
				INFOPLIST_KEY_UISupportedInterfaceOrientations_iPad = "UIInterfaceOrientationPortrait UIInterfaceOrientationPortraitUpsideDown UIInterfaceOrientationLandscapeLeft UIInterfaceOrientationLandscapeRight";
				INFOPLIST_KEY_UISupportedInterfaceOrientations_iPhone = "UIInterfaceOrientationPortrait UIInterfaceOrientationLandscapeLeft UIInterfaceOrientationLandscapeRight";
				IPHONEOS_DEPLOYMENT_TARGET = 16.0;
				LD_RUNPATH_SEARCH_PATHS = (
					"$(inherited)",
					"@executable_path/Frameworks",
				);
				MARKETING_VERSION = 1.0;
				PRODUCT_BUNDLE_IDENTIFIER = "com.the-lessoner.BadHabbit";
				PRODUCT_NAME = "$(TARGET_NAME)";
				SWIFT_EMIT_LOC_STRINGS = YES;
				SWIFT_VERSION = 5.0;
				TARGETED_DEVICE_FAMILY = "1,2";
				VERSIONING_SYSTEM = "apple-generic";
			};
			name = Release;
		};
/* End XCBuildConfiguration section */

/* Begin XCConfigurationList section */
		E58D1BA42A1CFF2C00137CC6 /* Build configuration list for PBXProject "BadHabbit" */ = {
			isa = XCConfigurationList;
			buildConfigurations = (
				E58D1BBB2A1CFF2E00137CC6 /* Debug */,
				E58D1BBC2A1CFF2E00137CC6 /* Release */,
			);
			defaultConfigurationIsVisible = 0;
			defaultConfigurationName = Release;
		};
		E58D1BBD2A1CFF2E00137CC6 /* Build configuration list for PBXNativeTarget "BadHabbit" */ = {
			isa = XCConfigurationList;
			buildConfigurations = (
				E58D1BBE2A1CFF2E00137CC6 /* Debug */,
				E58D1BBF2A1CFF2E00137CC6 /* Release */,
			);
			defaultConfigurationIsVisible = 0;
			defaultConfigurationName = Release;
		};
/* End XCConfigurationList section */
	};
	rootObject = E58D1BA12A1CFF2C00137CC6 /* Project object */;
}
