// !$*UTF8*$!
{
	archiveVersion = 1;
	classes = {
	};
	objectVersion = 56;
	objects = {

/* Begin PBXBuildFile section */
		372F03E231465F74E9E647DD /* Pods_BadHabbit.framework in Frameworks */ = {isa = PBXBuildFile; fileRef = EF3B53352C012CD5791B3306 /* Pods_BadHabbit.framework */; };
		614717202A6EB92100731065 /* SignUpScreenPresenter.swift in Sources */ = {isa = PBXBuildFile; fileRef = 6147171F2A6EB92100731065 /* SignUpScreenPresenter.swift */; };
		614717252A6F060100731065 /* SignUpScreenRouter.swift in Sources */ = {isa = PBXBuildFile; fileRef = 614717242A6F060100731065 /* SignUpScreenRouter.swift */; };
		614BA9432A674317004231A3 /* SignUpViewController.swift in Sources */ = {isa = PBXBuildFile; fileRef = 614BA9422A674317004231A3 /* SignUpViewController.swift */; };
		614BA9482A6749F5004231A3 /* SF-Pro-Display-Medium.otf in Resources */ = {isa = PBXBuildFile; fileRef = 614BA9472A6749F5004231A3 /* SF-Pro-Display-Medium.otf */; };
		614BA94A2A674A1C004231A3 /* FontName.swift in Sources */ = {isa = PBXBuildFile; fileRef = 614BA9492A674A1C004231A3 /* FontName.swift */; };
		614BA94D2A674B46004231A3 /* UIColor+hex.swift in Sources */ = {isa = PBXBuildFile; fileRef = 614BA94C2A674B46004231A3 /* UIColor+hex.swift */; };
		6194A0B02A6FB53B0006F570 /* ActionButton.swift in Sources */ = {isa = PBXBuildFile; fileRef = 6194A0AF2A6FB53B0006F570 /* ActionButton.swift */; };
		61AE3EFF2A6DCC9D00B607E1 /* Localizable.strings in Resources */ = {isa = PBXBuildFile; fileRef = 61AE3F012A6DCC9D00B607E1 /* Localizable.strings */; };
		61CEF96E2A67739600744ADA /* SF-Pro-Display-Bold.otf in Resources */ = {isa = PBXBuildFile; fileRef = 61CEF96D2A67739600744ADA /* SF-Pro-Display-Bold.otf */; };
		61CEF9702A6779EE00744ADA /* Inter-Regular_ExtraBold.ttf in Resources */ = {isa = PBXBuildFile; fileRef = 61CEF96F2A6779EE00744ADA /* Inter-Regular_ExtraBold.ttf */; };
		61EF63AC2A7297E00009218A /* SignUpScreenAssembly.swift in Sources */ = {isa = PBXBuildFile; fileRef = 61EF63AB2A7297E00009218A /* SignUpScreenAssembly.swift */; };
		E5109B4A2A6AD962008B74D3 /* AlertAssembly.swift in Sources */ = {isa = PBXBuildFile; fileRef = E5109B492A6AD962008B74D3 /* AlertAssembly.swift */; };
		E5109B4C2A6AD9A4008B74D3 /* DesignKitAssembly.swift in Sources */ = {isa = PBXBuildFile; fileRef = E5109B4B2A6AD9A4008B74D3 /* DesignKitAssembly.swift */; };
		E5109B4E2A6ADA99008B74D3 /* AlertConfiguration.swift in Sources */ = {isa = PBXBuildFile; fileRef = E5109B4D2A6ADA99008B74D3 /* AlertConfiguration.swift */; };
		E5109B502A6ADABF008B74D3 /* AlertAction.swift in Sources */ = {isa = PBXBuildFile; fileRef = E5109B4F2A6ADABF008B74D3 /* AlertAction.swift */; };
		E5109B532A6ADB4A008B74D3 /* CommonTypeAliases.swift in Sources */ = {isa = PBXBuildFile; fileRef = E5109B522A6ADB4A008B74D3 /* CommonTypeAliases.swift */; };
		E5109B552A6ADC5C008B74D3 /* AlertPresenter.swift in Sources */ = {isa = PBXBuildFile; fileRef = E5109B542A6ADC5C008B74D3 /* AlertPresenter.swift */; };
		E5109B582A6ADEC1008B74D3 /* FillingPersonalDataAssembly.swift in Sources */ = {isa = PBXBuildFile; fileRef = E5109B572A6ADEC1008B74D3 /* FillingPersonalDataAssembly.swift */; };
		E5109B5A2A6ADEFF008B74D3 /* FillingPersonalDataPresenter.swift in Sources */ = {isa = PBXBuildFile; fileRef = E5109B592A6ADEFF008B74D3 /* FillingPersonalDataPresenter.swift */; };
		E5109B5C2A6ADF14008B74D3 /* FillingPersonalDataView.swift in Sources */ = {isa = PBXBuildFile; fileRef = E5109B5B2A6ADF14008B74D3 /* FillingPersonalDataView.swift */; };
		E5109B5F2A6AE4CB008B74D3 /* AlertController.swift in Sources */ = {isa = PBXBuildFile; fileRef = E5109B5E2A6AE4CB008B74D3 /* AlertController.swift */; };
		E5109B622A6AE5CD008B74D3 /* AlertRouter.swift in Sources */ = {isa = PBXBuildFile; fileRef = E5109B612A6AE5CD008B74D3 /* AlertRouter.swift */; };
		E5109B652A6AE70D008B74D3 /* GlobalCoordinator.swift in Sources */ = {isa = PBXBuildFile; fileRef = E5109B642A6AE70D008B74D3 /* GlobalCoordinator.swift */; };
		E5109B672A6D3DAE008B74D3 /* CanPresentView.swift in Sources */ = {isa = PBXBuildFile; fileRef = E5109B662A6D3DAE008B74D3 /* CanPresentView.swift */; };
		E5109B692A6D4269008B74D3 /* FillingPersonalDataRouter.swift in Sources */ = {isa = PBXBuildFile; fileRef = E5109B682A6D4269008B74D3 /* FillingPersonalDataRouter.swift */; };
		E5109B6B2A6D4337008B74D3 /* AppAssembly.swift in Sources */ = {isa = PBXBuildFile; fileRef = E5109B6A2A6D4337008B74D3 /* AppAssembly.swift */; };
		E5109B6E2A6D4733008B74D3 /* BaseViewController.swift in Sources */ = {isa = PBXBuildFile; fileRef = E5109B6D2A6D4733008B74D3 /* BaseViewController.swift */; };
		E58D1BAD2A1CFF2C00137CC6 /* AppDelegate.swift in Sources */ = {isa = PBXBuildFile; fileRef = E58D1BAC2A1CFF2C00137CC6 /* AppDelegate.swift */; };
		E58D1BAF2A1CFF2C00137CC6 /* SceneDelegate.swift in Sources */ = {isa = PBXBuildFile; fileRef = E58D1BAE2A1CFF2C00137CC6 /* SceneDelegate.swift */; };
		E58D1BB62A1CFF2E00137CC6 /* Assets.xcassets in Resources */ = {isa = PBXBuildFile; fileRef = E58D1BB52A1CFF2E00137CC6 /* Assets.xcassets */; };
		E58D1BB92A1CFF2E00137CC6 /* LaunchScreen.storyboard in Resources */ = {isa = PBXBuildFile; fileRef = E58D1BB72A1CFF2E00137CC6 /* LaunchScreen.storyboard */; };
		E58D1BCC2A1D02E100137CC6 /* StoryAssembly.swift in Sources */ = {isa = PBXBuildFile; fileRef = E58D1BCB2A1D02E100137CC6 /* StoryAssembly.swift */; };
		E58D1BEF2A1D125B00137CC6 /* StoriesAssembly.swift in Sources */ = {isa = PBXBuildFile; fileRef = E58D1BEE2A1D125B00137CC6 /* StoriesAssembly.swift */; };
/* End PBXBuildFile section */

/* Begin PBXFileReference section */
		6147171F2A6EB92100731065 /* SignUpScreenPresenter.swift */ = {isa = PBXFileReference; lastKnownFileType = sourcecode.swift; path = SignUpScreenPresenter.swift; sourceTree = "<group>"; };
		614717242A6F060100731065 /* SignUpScreenRouter.swift */ = {isa = PBXFileReference; lastKnownFileType = sourcecode.swift; path = SignUpScreenRouter.swift; sourceTree = "<group>"; };
		614BA9422A674317004231A3 /* SignUpViewController.swift */ = {isa = PBXFileReference; lastKnownFileType = sourcecode.swift; path = SignUpViewController.swift; sourceTree = "<group>"; };
		614BA9472A6749F5004231A3 /* SF-Pro-Display-Medium.otf */ = {isa = PBXFileReference; lastKnownFileType = file; path = "SF-Pro-Display-Medium.otf"; sourceTree = "<group>"; };
		614BA9492A674A1C004231A3 /* FontName.swift */ = {isa = PBXFileReference; lastKnownFileType = sourcecode.swift; path = FontName.swift; sourceTree = "<group>"; };
		614BA94C2A674B46004231A3 /* UIColor+hex.swift */ = {isa = PBXFileReference; lastKnownFileType = sourcecode.swift; path = "UIColor+hex.swift"; sourceTree = "<group>"; };
		6194A0AF2A6FB53B0006F570 /* ActionButton.swift */ = {isa = PBXFileReference; lastKnownFileType = sourcecode.swift; path = ActionButton.swift; sourceTree = "<group>"; };
		61AE3F022A6DCCAD00B607E1 /* ru */ = {isa = PBXFileReference; lastKnownFileType = text.plist.strings; name = ru; path = ru.lproj/Localizable.strings; sourceTree = "<group>"; };
		61CEF96D2A67739600744ADA /* SF-Pro-Display-Bold.otf */ = {isa = PBXFileReference; lastKnownFileType = file; path = "SF-Pro-Display-Bold.otf"; sourceTree = "<group>"; };
		61CEF96F2A6779EE00744ADA /* Inter-Regular_ExtraBold.ttf */ = {isa = PBXFileReference; lastKnownFileType = file; path = "Inter-Regular_ExtraBold.ttf"; sourceTree = "<group>"; };
		61EF63AB2A7297E00009218A /* SignUpScreenAssembly.swift */ = {isa = PBXFileReference; lastKnownFileType = sourcecode.swift; path = SignUpScreenAssembly.swift; sourceTree = "<group>"; };
		77FC42E518800866EDC7473A /* Pods-BadHabbit.debug.xcconfig */ = {isa = PBXFileReference; includeInIndex = 1; lastKnownFileType = text.xcconfig; name = "Pods-BadHabbit.debug.xcconfig"; path = "Target Support Files/Pods-BadHabbit/Pods-BadHabbit.debug.xcconfig"; sourceTree = "<group>"; };
		82255F197739D3932E47D930 /* Pods-BadHabbit.release.xcconfig */ = {isa = PBXFileReference; includeInIndex = 1; lastKnownFileType = text.xcconfig; name = "Pods-BadHabbit.release.xcconfig"; path = "Target Support Files/Pods-BadHabbit/Pods-BadHabbit.release.xcconfig"; sourceTree = "<group>"; };
		E5109B492A6AD962008B74D3 /* AlertAssembly.swift */ = {isa = PBXFileReference; lastKnownFileType = sourcecode.swift; path = AlertAssembly.swift; sourceTree = "<group>"; };
		E5109B4B2A6AD9A4008B74D3 /* DesignKitAssembly.swift */ = {isa = PBXFileReference; lastKnownFileType = sourcecode.swift; path = DesignKitAssembly.swift; sourceTree = "<group>"; };
		E5109B4D2A6ADA99008B74D3 /* AlertConfiguration.swift */ = {isa = PBXFileReference; lastKnownFileType = sourcecode.swift; path = AlertConfiguration.swift; sourceTree = "<group>"; };
		E5109B4F2A6ADABF008B74D3 /* AlertAction.swift */ = {isa = PBXFileReference; lastKnownFileType = sourcecode.swift; path = AlertAction.swift; sourceTree = "<group>"; };
		E5109B522A6ADB4A008B74D3 /* CommonTypeAliases.swift */ = {isa = PBXFileReference; lastKnownFileType = sourcecode.swift; path = CommonTypeAliases.swift; sourceTree = "<group>"; };
		E5109B542A6ADC5C008B74D3 /* AlertPresenter.swift */ = {isa = PBXFileReference; lastKnownFileType = sourcecode.swift; path = AlertPresenter.swift; sourceTree = "<group>"; };
		E5109B572A6ADEC1008B74D3 /* FillingPersonalDataAssembly.swift */ = {isa = PBXFileReference; lastKnownFileType = sourcecode.swift; path = FillingPersonalDataAssembly.swift; sourceTree = "<group>"; };
		E5109B592A6ADEFF008B74D3 /* FillingPersonalDataPresenter.swift */ = {isa = PBXFileReference; lastKnownFileType = sourcecode.swift; path = FillingPersonalDataPresenter.swift; sourceTree = "<group>"; };
		E5109B5B2A6ADF14008B74D3 /* FillingPersonalDataView.swift */ = {isa = PBXFileReference; lastKnownFileType = sourcecode.swift; path = FillingPersonalDataView.swift; sourceTree = "<group>"; };
		E5109B5E2A6AE4CB008B74D3 /* AlertController.swift */ = {isa = PBXFileReference; lastKnownFileType = sourcecode.swift; path = AlertController.swift; sourceTree = "<group>"; };
		E5109B612A6AE5CD008B74D3 /* AlertRouter.swift */ = {isa = PBXFileReference; lastKnownFileType = sourcecode.swift; path = AlertRouter.swift; sourceTree = "<group>"; };
		E5109B642A6AE70D008B74D3 /* GlobalCoordinator.swift */ = {isa = PBXFileReference; lastKnownFileType = sourcecode.swift; path = GlobalCoordinator.swift; sourceTree = "<group>"; };
		E5109B662A6D3DAE008B74D3 /* CanPresentView.swift */ = {isa = PBXFileReference; lastKnownFileType = sourcecode.swift; path = CanPresentView.swift; sourceTree = "<group>"; };
		E5109B682A6D4269008B74D3 /* FillingPersonalDataRouter.swift */ = {isa = PBXFileReference; lastKnownFileType = sourcecode.swift; path = FillingPersonalDataRouter.swift; sourceTree = "<group>"; };
		E5109B6A2A6D4337008B74D3 /* AppAssembly.swift */ = {isa = PBXFileReference; lastKnownFileType = sourcecode.swift; path = AppAssembly.swift; sourceTree = "<group>"; };
		E5109B6D2A6D4733008B74D3 /* BaseViewController.swift */ = {isa = PBXFileReference; lastKnownFileType = sourcecode.swift; path = BaseViewController.swift; sourceTree = "<group>"; };
		E58D1BA92A1CFF2C00137CC6 /* BadHabbit.app */ = {isa = PBXFileReference; explicitFileType = wrapper.application; includeInIndex = 0; path = BadHabbit.app; sourceTree = BUILT_PRODUCTS_DIR; };
		E58D1BAC2A1CFF2C00137CC6 /* AppDelegate.swift */ = {isa = PBXFileReference; lastKnownFileType = sourcecode.swift; path = AppDelegate.swift; sourceTree = "<group>"; };
		E58D1BAE2A1CFF2C00137CC6 /* SceneDelegate.swift */ = {isa = PBXFileReference; lastKnownFileType = sourcecode.swift; path = SceneDelegate.swift; sourceTree = "<group>"; };
		E58D1BB52A1CFF2E00137CC6 /* Assets.xcassets */ = {isa = PBXFileReference; lastKnownFileType = folder.assetcatalog; path = Assets.xcassets; sourceTree = "<group>"; };
		E58D1BB82A1CFF2E00137CC6 /* Base */ = {isa = PBXFileReference; lastKnownFileType = file.storyboard; name = Base; path = Base.lproj/LaunchScreen.storyboard; sourceTree = "<group>"; };
		E58D1BBA2A1CFF2E00137CC6 /* Info.plist */ = {isa = PBXFileReference; lastKnownFileType = text.plist.xml; path = Info.plist; sourceTree = "<group>"; };
		E58D1BCB2A1D02E100137CC6 /* StoryAssembly.swift */ = {isa = PBXFileReference; lastKnownFileType = sourcecode.swift; path = StoryAssembly.swift; sourceTree = "<group>"; };
		E58D1BEE2A1D125B00137CC6 /* StoriesAssembly.swift */ = {isa = PBXFileReference; lastKnownFileType = sourcecode.swift; path = StoriesAssembly.swift; sourceTree = "<group>"; };
		EF3B53352C012CD5791B3306 /* Pods_BadHabbit.framework */ = {isa = PBXFileReference; explicitFileType = wrapper.framework; includeInIndex = 0; path = Pods_BadHabbit.framework; sourceTree = BUILT_PRODUCTS_DIR; };
/* End PBXFileReference section */

/* Begin PBXFrameworksBuildPhase section */
		E58D1BA62A1CFF2C00137CC6 /* Frameworks */ = {
			isa = PBXFrameworksBuildPhase;
			buildActionMask = 2147483647;
			files = (
				372F03E231465F74E9E647DD /* Pods_BadHabbit.framework in Frameworks */,
			);
			runOnlyForDeploymentPostprocessing = 0;
		};
/* End PBXFrameworksBuildPhase section */

/* Begin PBXGroup section */
		614BA9412A6742F3004231A3 /* SingUpScreen */ = {
			isa = PBXGroup;
			children = (
				61EF63AB2A7297E00009218A /* SignUpScreenAssembly.swift */,
				6147171F2A6EB92100731065 /* SignUpScreenPresenter.swift */,
				614717242A6F060100731065 /* SignUpScreenRouter.swift */,
				614BA9422A674317004231A3 /* SignUpViewController.swift */,
			);
			path = SingUpScreen;
			sourceTree = "<group>";
		};
		614BA9462A6749EA004231A3 /* Fonts */ = {
			isa = PBXGroup;
			children = (
				614BA9492A674A1C004231A3 /* FontName.swift */,
				614BA9472A6749F5004231A3 /* SF-Pro-Display-Medium.otf */,
				61CEF96D2A67739600744ADA /* SF-Pro-Display-Bold.otf */,
				61CEF96F2A6779EE00744ADA /* Inter-Regular_ExtraBold.ttf */,
			);
			path = Fonts;
			sourceTree = "<group>";
		};
		614BA94B2A674B1C004231A3 /* Colors */ = {
			isa = PBXGroup;
			children = (
				614BA94C2A674B46004231A3 /* UIColor+hex.swift */,
			);
			path = Colors;
			sourceTree = "<group>";
		};
		6194A0B12A6FB6330006F570 /* Models */ = {
			isa = PBXGroup;
			children = (
				6194A0AF2A6FB53B0006F570 /* ActionButton.swift */,
			);
			path = Models;
			sourceTree = "<group>";
		};
		7F8062058E6710BFF5E557EE /* Pods */ = {
			isa = PBXGroup;
			children = (
				77FC42E518800866EDC7473A /* Pods-BadHabbit.debug.xcconfig */,
				82255F197739D3932E47D930 /* Pods-BadHabbit.release.xcconfig */,
			);
			path = Pods;
			sourceTree = "<group>";
		};
		E5109B472A6AD904008B74D3 /* DesignKit */ = {
			isa = PBXGroup;
			children = (
				E5109B4B2A6AD9A4008B74D3 /* DesignKitAssembly.swift */,
				E5109B6C2A6D4726008B74D3 /* BaseViewController */,
				E5109B632A6AE6F7008B74D3 /* GlobalCoordinator */,
				E5109B482A6AD94B008B74D3 /* Alerts */,
				614BA94B2A674B1C004231A3 /* Colors */,
				6194A0B12A6FB6330006F570 /* Models */,
			);
			path = DesignKit;
			sourceTree = "<group>";
		};
		E5109B482A6AD94B008B74D3 /* Alerts */ = {
			isa = PBXGroup;
			children = (
				E5109B492A6AD962008B74D3 /* AlertAssembly.swift */,
				E5109B5D2A6AE4A8008B74D3 /* Models */,
				E5109B602A6AE59E008B74D3 /* Alert */,
			);
			path = Alerts;
			sourceTree = "<group>";
		};
		E5109B512A6ADB1E008B74D3 /* Utils */ = {
			isa = PBXGroup;
			children = (
				E5109B522A6ADB4A008B74D3 /* CommonTypeAliases.swift */,
				E5109B662A6D3DAE008B74D3 /* CanPresentView.swift */,
			);
			path = Utils;
			sourceTree = "<group>";
		};
		E5109B562A6ADEA3008B74D3 /* FillingPersonalData */ = {
			isa = PBXGroup;
			children = (
				E5109B572A6ADEC1008B74D3 /* FillingPersonalDataAssembly.swift */,
				E5109B592A6ADEFF008B74D3 /* FillingPersonalDataPresenter.swift */,
				E5109B682A6D4269008B74D3 /* FillingPersonalDataRouter.swift */,
				E5109B5B2A6ADF14008B74D3 /* FillingPersonalDataView.swift */,
			);
			path = FillingPersonalData;
			sourceTree = "<group>";
		};
		E5109B5D2A6AE4A8008B74D3 /* Models */ = {
			isa = PBXGroup;
			children = (
				E5109B4D2A6ADA99008B74D3 /* AlertConfiguration.swift */,
				E5109B4F2A6ADABF008B74D3 /* AlertAction.swift */,
			);
			path = Models;
			sourceTree = "<group>";
		};
		E5109B602A6AE59E008B74D3 /* Alert */ = {
			isa = PBXGroup;
			children = (
				E5109B542A6ADC5C008B74D3 /* AlertPresenter.swift */,
				E5109B5E2A6AE4CB008B74D3 /* AlertController.swift */,
				E5109B612A6AE5CD008B74D3 /* AlertRouter.swift */,
			);
			path = Alert;
			sourceTree = "<group>";
		};
		E5109B632A6AE6F7008B74D3 /* GlobalCoordinator */ = {
			isa = PBXGroup;
			children = (
				E5109B642A6AE70D008B74D3 /* GlobalCoordinator.swift */,
			);
			path = GlobalCoordinator;
			sourceTree = "<group>";
		};
		E5109B6C2A6D4726008B74D3 /* BaseViewController */ = {
			isa = PBXGroup;
			children = (
				E5109B6D2A6D4733008B74D3 /* BaseViewController.swift */,
			);
			path = BaseViewController;
			sourceTree = "<group>";
		};
		E58D1BA02A1CFF2C00137CC6 = {
			isa = PBXGroup;
			children = (
				E58D1BAB2A1CFF2C00137CC6 /* BadHabbit */,
				E58D1BAA2A1CFF2C00137CC6 /* Products */,
				7F8062058E6710BFF5E557EE /* Pods */,
				FBB8119D4F423E33D72AFCB8 /* Frameworks */,
			);
			sourceTree = "<group>";
		};
		E58D1BAA2A1CFF2C00137CC6 /* Products */ = {
			isa = PBXGroup;
			children = (
				E58D1BA92A1CFF2C00137CC6 /* BadHabbit.app */,
			);
			name = Products;
			sourceTree = "<group>";
		};
		E58D1BAB2A1CFF2C00137CC6 /* BadHabbit */ = {
			isa = PBXGroup;
			children = (
				E58D1BAC2A1CFF2C00137CC6 /* AppDelegate.swift */,
				E5109B6A2A6D4337008B74D3 /* AppAssembly.swift */,
				E58D1BAE2A1CFF2C00137CC6 /* SceneDelegate.swift */,
				E58D1BCA2A1D02D100137CC6 /* DI */,
				E58D1BC52A1D01AB00137CC6 /* UserStories */,
				E58D1BC62A1D01C700137CC6 /* Kit */,
				E5109B512A6ADB1E008B74D3 /* Utils */,
				E58D1BC42A1D00D100137CC6 /* SupportFiles */,
			);
			path = BadHabbit;
			sourceTree = "<group>";
		};
		E58D1BC22A1D001A00137CC6 /* PersistenceKit */ = {
			isa = PBXGroup;
			children = (
			);
			path = PersistenceKit;
			sourceTree = "<group>";
		};
		E58D1BC32A1D008400137CC6 /* NetworkKit */ = {
			isa = PBXGroup;
			children = (
			);
			path = NetworkKit;
			sourceTree = "<group>";
		};
		E58D1BC42A1D00D100137CC6 /* SupportFiles */ = {
			isa = PBXGroup;
			children = (
				E58D1BBA2A1CFF2E00137CC6 /* Info.plist */,
				E58D1BB52A1CFF2E00137CC6 /* Assets.xcassets */,
				E58D1BB72A1CFF2E00137CC6 /* LaunchScreen.storyboard */,
				61AE3F012A6DCC9D00B607E1 /* Localizable.strings */,
				614BA9462A6749EA004231A3 /* Fonts */,
			);
			path = SupportFiles;
			sourceTree = "<group>";
		};
		E58D1BC52A1D01AB00137CC6 /* UserStories */ = {
			isa = PBXGroup;
			children = (
				E58D1BED2A1D124C00137CC6 /* DI */,
				E5109B562A6ADEA3008B74D3 /* FillingPersonalData */,
				614BA9412A6742F3004231A3 /* SingUpScreen */,
			);
			path = UserStories;
			sourceTree = "<group>";
		};
		E58D1BC62A1D01C700137CC6 /* Kit */ = {
			isa = PBXGroup;
			children = (
				E5109B472A6AD904008B74D3 /* DesignKit */,
				E58D1BC32A1D008400137CC6 /* NetworkKit */,
				E58D1BC22A1D001A00137CC6 /* PersistenceKit */,
			);
			path = Kit;
			sourceTree = "<group>";
		};
		E58D1BCA2A1D02D100137CC6 /* DI */ = {
			isa = PBXGroup;
			children = (
				E58D1BCB2A1D02E100137CC6 /* StoryAssembly.swift */,
			);
			path = DI;
			sourceTree = "<group>";
		};
		E58D1BED2A1D124C00137CC6 /* DI */ = {
			isa = PBXGroup;
			children = (
				E58D1BEE2A1D125B00137CC6 /* StoriesAssembly.swift */,
			);
			path = DI;
			sourceTree = "<group>";
		};
		FBB8119D4F423E33D72AFCB8 /* Frameworks */ = {
			isa = PBXGroup;
			children = (
				EF3B53352C012CD5791B3306 /* Pods_BadHabbit.framework */,
			);
			name = Frameworks;
			sourceTree = "<group>";
		};
/* End PBXGroup section */

/* Begin PBXNativeTarget section */
		E58D1BA82A1CFF2C00137CC6 /* BadHabbit */ = {
			isa = PBXNativeTarget;
			buildConfigurationList = E58D1BBD2A1CFF2E00137CC6 /* Build configuration list for PBXNativeTarget "BadHabbit" */;
			buildPhases = (
				5143C3AABB4F39A1B4930A27 /* [CP] Check Pods Manifest.lock */,
				E58D1BA52A1CFF2C00137CC6 /* Sources */,
				E58D1BA62A1CFF2C00137CC6 /* Frameworks */,
				E58D1BA72A1CFF2C00137CC6 /* Resources */,
				F637B9BB2A31DEDE000DE6D3 /* ShellScript */,
				61BB022F2A3B5C3400D0DCD5 /* SwiftGen Run Script */,
				11780267A11A1B1AD9D32238 /* [CP] Embed Pods Frameworks */,
			);
			buildRules = (
			);
			dependencies = (
			);
			name = BadHabbit;
			productName = BadHabbit;
			productReference = E58D1BA92A1CFF2C00137CC6 /* BadHabbit.app */;
			productType = "com.apple.product-type.application";
		};
/* End PBXNativeTarget section */

/* Begin PBXProject section */
		E58D1BA12A1CFF2C00137CC6 /* Project object */ = {
			isa = PBXProject;
			attributes = {
				BuildIndependentTargetsInParallel = 1;
				LastSwiftUpdateCheck = 1420;
				LastUpgradeCheck = 1420;
				TargetAttributes = {
					E58D1BA82A1CFF2C00137CC6 = {
						CreatedOnToolsVersion = 14.2;
					};
				};
			};
			buildConfigurationList = E58D1BA42A1CFF2C00137CC6 /* Build configuration list for PBXProject "BadHabbit" */;
			compatibilityVersion = "Xcode 14.0";
			developmentRegion = en;
			hasScannedForEncodings = 0;
			knownRegions = (
				en,
				Base,
				ru,
			);
			mainGroup = E58D1BA02A1CFF2C00137CC6;
			productRefGroup = E58D1BAA2A1CFF2C00137CC6 /* Products */;
			projectDirPath = "";
			projectRoot = "";
			targets = (
				E58D1BA82A1CFF2C00137CC6 /* BadHabbit */,
			);
		};
/* End PBXProject section */

/* Begin PBXResourcesBuildPhase section */
		E58D1BA72A1CFF2C00137CC6 /* Resources */ = {
			isa = PBXResourcesBuildPhase;
			buildActionMask = 2147483647;
			files = (
				614BA9482A6749F5004231A3 /* SF-Pro-Display-Medium.otf in Resources */,
				61AE3EFF2A6DCC9D00B607E1 /* Localizable.strings in Resources */,
				61CEF9702A6779EE00744ADA /* Inter-Regular_ExtraBold.ttf in Resources */,
				E58D1BB92A1CFF2E00137CC6 /* LaunchScreen.storyboard in Resources */,
				61CEF96E2A67739600744ADA /* SF-Pro-Display-Bold.otf in Resources */,
				E58D1BB62A1CFF2E00137CC6 /* Assets.xcassets in Resources */,
			);
			runOnlyForDeploymentPostprocessing = 0;
		};
/* End PBXResourcesBuildPhase section */

/* Begin PBXShellScriptBuildPhase section */
		11780267A11A1B1AD9D32238 /* [CP] Embed Pods Frameworks */ = {
			isa = PBXShellScriptBuildPhase;
			buildActionMask = 2147483647;
			files = (
			);
			inputFileListPaths = (
				"${PODS_ROOT}/Target Support Files/Pods-BadHabbit/Pods-BadHabbit-frameworks-${CONFIGURATION}-input-files.xcfilelist",
			);
			name = "[CP] Embed Pods Frameworks";
			outputFileListPaths = (
				"${PODS_ROOT}/Target Support Files/Pods-BadHabbit/Pods-BadHabbit-frameworks-${CONFIGURATION}-output-files.xcfilelist",
			);
			runOnlyForDeploymentPostprocessing = 0;
			shellPath = /bin/sh;
			shellScript = "\"${PODS_ROOT}/Target Support Files/Pods-BadHabbit/Pods-BadHabbit-frameworks.sh\"\n";
			showEnvVarsInLog = 0;
		};
		5143C3AABB4F39A1B4930A27 /* [CP] Check Pods Manifest.lock */ = {
			isa = PBXShellScriptBuildPhase;
			buildActionMask = 2147483647;
			files = (
			);
			inputFileListPaths = (
			);
			inputPaths = (
				"${PODS_PODFILE_DIR_PATH}/Podfile.lock",
				"${PODS_ROOT}/Manifest.lock",
			);
			name = "[CP] Check Pods Manifest.lock";
			outputFileListPaths = (
			);
			outputPaths = (
				"$(DERIVED_FILE_DIR)/Pods-BadHabbit-checkManifestLockResult.txt",
			);
			runOnlyForDeploymentPostprocessing = 0;
			shellPath = /bin/sh;
			shellScript = "diff \"${PODS_PODFILE_DIR_PATH}/Podfile.lock\" \"${PODS_ROOT}/Manifest.lock\" > /dev/null\nif [ $? != 0 ] ; then\n    # print error to STDERR\n    echo \"error: The sandbox is not in sync with the Podfile.lock. Run 'pod install' or update your CocoaPods installation.\" >&2\n    exit 1\nfi\n# This output is used by Xcode 'outputs' to avoid re-running this script phase.\necho \"SUCCESS\" > \"${SCRIPT_OUTPUT_FILE_0}\"\n";
			showEnvVarsInLog = 0;
		};
		61BB022F2A3B5C3400D0DCD5 /* SwiftGen Run Script */ = {
			isa = PBXShellScriptBuildPhase;
			alwaysOutOfDate = 1;
			buildActionMask = 2147483647;
			files = (
			);
			inputFileListPaths = (
			);
			inputPaths = (
			);
			name = "SwiftGen Run Script";
			outputFileListPaths = (
			);
			outputPaths = (
			);
			runOnlyForDeploymentPostprocessing = 0;
			shellPath = /bin/sh;
			shellScript = "if [[ -f ${PODS_ROOT}/SwiftGen/bin/swiftgen ]]; then\n  ${PODS_ROOT}/SwiftGen/bin/swiftgen\nelse\n  echo \"warning: SwiftGen is not installed. Run 'pod install --repo-update' to install it.\"\nfi\n";
		};
		F637B9BB2A31DEDE000DE6D3 /* ShellScript */ = {
			isa = PBXShellScriptBuildPhase;
			alwaysOutOfDate = 1;
			buildActionMask = 2147483647;
			files = (
			);
			inputFileListPaths = (
			);
			inputPaths = (
			);
			outputFileListPaths = (
			);
			outputPaths = (
			);
			runOnlyForDeploymentPostprocessing = 0;
			shellPath = /bin/sh;
			shellScript = "if [[ \"$(uname -m)\" == arm64 ]]; then\n    export PATH=\"/opt/homebrew/bin:$PATH\"\nfi\n\nif which swiftlint > /dev/null; then\n  swiftlint\nelse\n  echo \"warning: SwiftLint not installed, download from https://github.com/realm/SwiftLint\"\nfi\n";
		};
/* End PBXShellScriptBuildPhase section */

/* Begin PBXSourcesBuildPhase section */
		E58D1BA52A1CFF2C00137CC6 /* Sources */ = {
			isa = PBXSourcesBuildPhase;
			buildActionMask = 2147483647;
			files = (
				E5109B5A2A6ADEFF008B74D3 /* FillingPersonalDataPresenter.swift in Sources */,
				E5109B672A6D3DAE008B74D3 /* CanPresentView.swift in Sources */,
				E5109B4E2A6ADA99008B74D3 /* AlertConfiguration.swift in Sources */,
				E58D1BCC2A1D02E100137CC6 /* StoryAssembly.swift in Sources */,
				E5109B532A6ADB4A008B74D3 /* CommonTypeAliases.swift in Sources */,
				E5109B6E2A6D4733008B74D3 /* BaseViewController.swift in Sources */,
				E5109B5F2A6AE4CB008B74D3 /* AlertController.swift in Sources */,
				E5109B502A6ADABF008B74D3 /* AlertAction.swift in Sources */,
				E58D1BEF2A1D125B00137CC6 /* StoriesAssembly.swift in Sources */,
				E5109B652A6AE70D008B74D3 /* GlobalCoordinator.swift in Sources */,
				E5109B4C2A6AD9A4008B74D3 /* DesignKitAssembly.swift in Sources */,
				E5109B692A6D4269008B74D3 /* FillingPersonalDataRouter.swift in Sources */,
				E5109B6B2A6D4337008B74D3 /* AppAssembly.swift in Sources */,
				E5109B582A6ADEC1008B74D3 /* FillingPersonalDataAssembly.swift in Sources */,
				E5109B5C2A6ADF14008B74D3 /* FillingPersonalDataView.swift in Sources */,
				614BA94A2A674A1C004231A3 /* FontName.swift in Sources */,
				614717252A6F060100731065 /* SignUpScreenRouter.swift in Sources */,
				614BA9432A674317004231A3 /* SignUpViewController.swift in Sources */,
				E58D1BAD2A1CFF2C00137CC6 /* AppDelegate.swift in Sources */,
				6194A0B02A6FB53B0006F570 /* ActionButton.swift in Sources */,
				614BA94D2A674B46004231A3 /* UIColor+hex.swift in Sources */,
				61EF63AC2A7297E00009218A /* SignUpScreenAssembly.swift in Sources */,
				614717202A6EB92100731065 /* SignUpScreenPresenter.swift in Sources */,
				E58D1BAF2A1CFF2C00137CC6 /* SceneDelegate.swift in Sources */,
				E5109B622A6AE5CD008B74D3 /* AlertRouter.swift in Sources */,
				E5109B552A6ADC5C008B74D3 /* AlertPresenter.swift in Sources */,
				E5109B4A2A6AD962008B74D3 /* AlertAssembly.swift in Sources */,
			);
			runOnlyForDeploymentPostprocessing = 0;
		};
/* End PBXSourcesBuildPhase section */

/* Begin PBXVariantGroup section */
		61AE3F012A6DCC9D00B607E1 /* Localizable.strings */ = {
			isa = PBXVariantGroup;
			children = (
				61AE3F022A6DCCAD00B607E1 /* ru */,
			);
			name = Localizable.strings;
			sourceTree = "<group>";
		};
		E58D1BB72A1CFF2E00137CC6 /* LaunchScreen.storyboard */ = {
			isa = PBXVariantGroup;
			children = (
				E58D1BB82A1CFF2E00137CC6 /* Base */,
			);
			name = LaunchScreen.storyboard;
			sourceTree = "<group>";
		};
/* End PBXVariantGroup section */

/* Begin XCBuildConfiguration section */
		E58D1BBB2A1CFF2E00137CC6 /* Debug */ = {
			isa = XCBuildConfiguration;
			buildSettings = {
				ALWAYS_SEARCH_USER_PATHS = NO;
				CLANG_ANALYZER_LOCALIZABILITY_NONLOCALIZED = NO;
				CLANG_ANALYZER_NONNULL = YES;
				CLANG_ANALYZER_NUMBER_OBJECT_CONVERSION = YES_AGGRESSIVE;
				CLANG_CXX_LANGUAGE_STANDARD = "gnu++20";
				CLANG_ENABLE_MODULES = YES;
				CLANG_ENABLE_OBJC_ARC = YES;
				CLANG_ENABLE_OBJC_WEAK = YES;
				CLANG_WARN_BLOCK_CAPTURE_AUTORELEASING = YES;
				CLANG_WARN_BOOL_CONVERSION = YES;
				CLANG_WARN_COMMA = YES;
				CLANG_WARN_CONSTANT_CONVERSION = YES;
				CLANG_WARN_DEPRECATED_OBJC_IMPLEMENTATIONS = YES;
				CLANG_WARN_DIRECT_OBJC_ISA_USAGE = YES_ERROR;
				CLANG_WARN_DOCUMENTATION_COMMENTS = YES;
				CLANG_WARN_EMPTY_BODY = YES;
				CLANG_WARN_ENUM_CONVERSION = YES;
				CLANG_WARN_INFINITE_RECURSION = YES;
				CLANG_WARN_INT_CONVERSION = YES;
				CLANG_WARN_NON_LITERAL_NULL_CONVERSION = YES;
				CLANG_WARN_OBJC_IMPLICIT_RETAIN_SELF = YES;
				CLANG_WARN_OBJC_LITERAL_CONVERSION = YES;
				CLANG_WARN_OBJC_ROOT_CLASS = YES_ERROR;
				CLANG_WARN_QUOTED_INCLUDE_IN_FRAMEWORK_HEADER = YES;
				CLANG_WARN_RANGE_LOOP_ANALYSIS = YES;
				CLANG_WARN_STRICT_PROTOTYPES = YES;
				CLANG_WARN_SUSPICIOUS_MOVE = YES;
				CLANG_WARN_UNGUARDED_AVAILABILITY = YES_AGGRESSIVE;
				CLANG_WARN_UNREACHABLE_CODE = YES;
				CLANG_WARN__DUPLICATE_METHOD_MATCH = YES;
				COPY_PHASE_STRIP = NO;
				DEBUG_INFORMATION_FORMAT = dwarf;
				ENABLE_STRICT_OBJC_MSGSEND = YES;
				ENABLE_TESTABILITY = YES;
				GCC_C_LANGUAGE_STANDARD = gnu11;
				GCC_DYNAMIC_NO_PIC = NO;
				GCC_NO_COMMON_BLOCKS = YES;
				GCC_OPTIMIZATION_LEVEL = 0;
				GCC_PREPROCESSOR_DEFINITIONS = (
					"DEBUG=1",
					"$(inherited)",
				);
				GCC_WARN_64_TO_32_BIT_CONVERSION = YES;
				GCC_WARN_ABOUT_RETURN_TYPE = YES_ERROR;
				GCC_WARN_UNDECLARED_SELECTOR = YES;
				GCC_WARN_UNINITIALIZED_AUTOS = YES_AGGRESSIVE;
				GCC_WARN_UNUSED_FUNCTION = YES;
				GCC_WARN_UNUSED_VARIABLE = YES;
				IPHONEOS_DEPLOYMENT_TARGET = 16.0;
				MTL_ENABLE_DEBUG_INFO = INCLUDE_SOURCE;
				MTL_FAST_MATH = YES;
				ONLY_ACTIVE_ARCH = YES;
				SDKROOT = iphoneos;
				SWIFT_ACTIVE_COMPILATION_CONDITIONS = DEBUG;
				SWIFT_OPTIMIZATION_LEVEL = "-Onone";
			};
			name = Debug;
		};
		E58D1BBC2A1CFF2E00137CC6 /* Release */ = {
			isa = XCBuildConfiguration;
			buildSettings = {
				ALWAYS_SEARCH_USER_PATHS = NO;
				CLANG_ANALYZER_LOCALIZABILITY_NONLOCALIZED = NO;
				CLANG_ANALYZER_NONNULL = YES;
				CLANG_ANALYZER_NUMBER_OBJECT_CONVERSION = YES_AGGRESSIVE;
				CLANG_CXX_LANGUAGE_STANDARD = "gnu++20";
				CLANG_ENABLE_MODULES = YES;
				CLANG_ENABLE_OBJC_ARC = YES;
				CLANG_ENABLE_OBJC_WEAK = YES;
				CLANG_WARN_BLOCK_CAPTURE_AUTORELEASING = YES;
				CLANG_WARN_BOOL_CONVERSION = YES;
				CLANG_WARN_COMMA = YES;
				CLANG_WARN_CONSTANT_CONVERSION = YES;
				CLANG_WARN_DEPRECATED_OBJC_IMPLEMENTATIONS = YES;
				CLANG_WARN_DIRECT_OBJC_ISA_USAGE = YES_ERROR;
				CLANG_WARN_DOCUMENTATION_COMMENTS = YES;
				CLANG_WARN_EMPTY_BODY = YES;
				CLANG_WARN_ENUM_CONVERSION = YES;
				CLANG_WARN_INFINITE_RECURSION = YES;
				CLANG_WARN_INT_CONVERSION = YES;
				CLANG_WARN_NON_LITERAL_NULL_CONVERSION = YES;
				CLANG_WARN_OBJC_IMPLICIT_RETAIN_SELF = YES;
				CLANG_WARN_OBJC_LITERAL_CONVERSION = YES;
				CLANG_WARN_OBJC_ROOT_CLASS = YES_ERROR;
				CLANG_WARN_QUOTED_INCLUDE_IN_FRAMEWORK_HEADER = YES;
				CLANG_WARN_RANGE_LOOP_ANALYSIS = YES;
				CLANG_WARN_STRICT_PROTOTYPES = YES;
				CLANG_WARN_SUSPICIOUS_MOVE = YES;
				CLANG_WARN_UNGUARDED_AVAILABILITY = YES_AGGRESSIVE;
				CLANG_WARN_UNREACHABLE_CODE = YES;
				CLANG_WARN__DUPLICATE_METHOD_MATCH = YES;
				COPY_PHASE_STRIP = NO;
				DEBUG_INFORMATION_FORMAT = "dwarf-with-dsym";
				ENABLE_NS_ASSERTIONS = NO;
				ENABLE_STRICT_OBJC_MSGSEND = YES;
				GCC_C_LANGUAGE_STANDARD = gnu11;
				GCC_NO_COMMON_BLOCKS = YES;
				GCC_WARN_64_TO_32_BIT_CONVERSION = YES;
				GCC_WARN_ABOUT_RETURN_TYPE = YES_ERROR;
				GCC_WARN_UNDECLARED_SELECTOR = YES;
				GCC_WARN_UNINITIALIZED_AUTOS = YES_AGGRESSIVE;
				GCC_WARN_UNUSED_FUNCTION = YES;
				GCC_WARN_UNUSED_VARIABLE = YES;
				IPHONEOS_DEPLOYMENT_TARGET = 16.0;
				MTL_ENABLE_DEBUG_INFO = NO;
				MTL_FAST_MATH = YES;
				SDKROOT = iphoneos;
				SWIFT_COMPILATION_MODE = wholemodule;
				SWIFT_OPTIMIZATION_LEVEL = "-O";
				VALIDATE_PRODUCT = YES;
			};
			name = Release;
		};
		E58D1BBE2A1CFF2E00137CC6 /* Debug */ = {
			isa = XCBuildConfiguration;
			baseConfigurationReference = 77FC42E518800866EDC7473A /* Pods-BadHabbit.debug.xcconfig */;
			buildSettings = {
				ASSETCATALOG_COMPILER_APPICON_NAME = AppIcon;
				ASSETCATALOG_COMPILER_GLOBAL_ACCENT_COLOR_NAME = AccentColor;
				CODE_SIGN_STYLE = Automatic;
				CURRENT_PROJECT_VERSION = 1;
				DEVELOPMENT_TEAM = 8WG6LW4XNB;
				GENERATE_INFOPLIST_FILE = YES;
				INFOPLIST_FILE = BadHabbit/SupportFiles/Info.plist;
				INFOPLIST_KEY_LSApplicationCategoryType = "public.app-category.healthcare-fitness";
				INFOPLIST_KEY_UIApplicationSupportsIndirectInputEvents = YES;
				INFOPLIST_KEY_UILaunchStoryboardName = LaunchScreen;
				INFOPLIST_KEY_UISupportedInterfaceOrientations_iPad = "UIInterfaceOrientationPortrait UIInterfaceOrientationPortraitUpsideDown UIInterfaceOrientationLandscapeLeft UIInterfaceOrientationLandscapeRight";
				INFOPLIST_KEY_UISupportedInterfaceOrientations_iPhone = "UIInterfaceOrientationPortrait UIInterfaceOrientationLandscapeLeft UIInterfaceOrientationLandscapeRight";
				IPHONEOS_DEPLOYMENT_TARGET = 16.0;
				LD_RUNPATH_SEARCH_PATHS = (
					"$(inherited)",
					"@executable_path/Frameworks",
				);
				MARKETING_VERSION = 1.0;
				PRODUCT_BUNDLE_IDENTIFIER = "com.the-lessoner.BadHabbit";
				PRODUCT_NAME = "$(TARGET_NAME)";
				SWIFT_EMIT_LOC_STRINGS = YES;
				SWIFT_VERSION = 5.0;
				TARGETED_DEVICE_FAMILY = "1,2";
				VERSIONING_SYSTEM = "apple-generic";
			};
			name = Debug;
		};
		E58D1BBF2A1CFF2E00137CC6 /* Release */ = {
			isa = XCBuildConfiguration;
			baseConfigurationReference = 82255F197739D3932E47D930 /* Pods-BadHabbit.release.xcconfig */;
			buildSettings = {
				ASSETCATALOG_COMPILER_APPICON_NAME = AppIcon;
				ASSETCATALOG_COMPILER_GLOBAL_ACCENT_COLOR_NAME = AccentColor;
				CODE_SIGN_STYLE = Automatic;
				CURRENT_PROJECT_VERSION = 1;
				DEVELOPMENT_TEAM = 8WG6LW4XNB;
				GENERATE_INFOPLIST_FILE = YES;
				INFOPLIST_FILE = BadHabbit/SupportFiles/Info.plist;
				INFOPLIST_KEY_LSApplicationCategoryType = "public.app-category.healthcare-fitness";
				INFOPLIST_KEY_UIApplicationSupportsIndirectInputEvents = YES;
				INFOPLIST_KEY_UILaunchStoryboardName = LaunchScreen;
				INFOPLIST_KEY_UISupportedInterfaceOrientations_iPad = "UIInterfaceOrientationPortrait UIInterfaceOrientationPortraitUpsideDown UIInterfaceOrientationLandscapeLeft UIInterfaceOrientationLandscapeRight";
				INFOPLIST_KEY_UISupportedInterfaceOrientations_iPhone = "UIInterfaceOrientationPortrait UIInterfaceOrientationLandscapeLeft UIInterfaceOrientationLandscapeRight";
				IPHONEOS_DEPLOYMENT_TARGET = 16.0;
				LD_RUNPATH_SEARCH_PATHS = (
					"$(inherited)",
					"@executable_path/Frameworks",
				);
				MARKETING_VERSION = 1.0;
				PRODUCT_BUNDLE_IDENTIFIER = "com.the-lessoner.BadHabbit";
				PRODUCT_NAME = "$(TARGET_NAME)";
				SWIFT_EMIT_LOC_STRINGS = YES;
				SWIFT_VERSION = 5.0;
				TARGETED_DEVICE_FAMILY = "1,2";
				VERSIONING_SYSTEM = "apple-generic";
			};
			name = Release;
		};
/* End XCBuildConfiguration section */

/* Begin XCConfigurationList section */
		E58D1BA42A1CFF2C00137CC6 /* Build configuration list for PBXProject "BadHabbit" */ = {
			isa = XCConfigurationList;
			buildConfigurations = (
				E58D1BBB2A1CFF2E00137CC6 /* Debug */,
				E58D1BBC2A1CFF2E00137CC6 /* Release */,
			);
			defaultConfigurationIsVisible = 0;
			defaultConfigurationName = Release;
		};
		E58D1BBD2A1CFF2E00137CC6 /* Build configuration list for PBXNativeTarget "BadHabbit" */ = {
			isa = XCConfigurationList;
			buildConfigurations = (
				E58D1BBE2A1CFF2E00137CC6 /* Debug */,
				E58D1BBF2A1CFF2E00137CC6 /* Release */,
			);
			defaultConfigurationIsVisible = 0;
			defaultConfigurationName = Release;
		};
/* End XCConfigurationList section */
	};
	rootObject = E58D1BA12A1CFF2C00137CC6 /* Project object */;
}
